
Microsoft Visual Studio Solution File, Format Version 12.00
# Visual Studio Version 17
VisualStudioVersion = 17.5.33414.496
MinimumVisualStudioVersion = 10.0.40219.1
Project("{9A19103F-16F7-4668-BE54-9A1E7A4F7556}") = "AssetManagementApi", "AssetManagementApi\AssetManagementApi.csproj", "{3D363288-EAAC-44E9-A6D9-BBB57CD5AD74}"
EndProject
Project("{9A19103F-16F7-4668-BE54-9A1E7A4F7556}") = "DataAccessLayer", "DataAccessLayer\DataAccessLayer.csproj", "{DCDE807C-2516-47E9-942C-02829050DD99}"
EndProject
Project("{9A19103F-16F7-4668-BE54-9A1E7A4F7556}") = "AssetManagementWeb", "..\AssetManagementWeb\AssetManagementWeb\AssetManagementWeb.csproj", "{9C88A916-6569-47A5-BF04-71D154E57E87}"
EndProject
Global
	GlobalSection(SolutionConfigurationPlatforms) = preSolution
		Debug|Any CPU = Debug|Any CPU
		Release|Any CPU = Release|Any CPU
	EndGlobalSection
	GlobalSection(ProjectConfigurationPlatforms) = postSolution
		{3D363288-EAAC-44E9-A6D9-BBB57CD5AD74}.Debug|Any CPU.ActiveCfg = Debug|Any CPU
		{3D363288-EAAC-44E9-A6D9-BBB57CD5AD74}.Debug|Any CPU.Build.0 = Debug|Any CPU
		{3D363288-EAAC-44E9-A6D9-BBB57CD5AD74}.Release|Any CPU.ActiveCfg = Release|Any CPU
		{3D363288-EAAC-44E9-A6D9-BBB57CD5AD74}.Release|Any CPU.Build.0 = Release|Any CPU
		{DCDE807C-2516-47E9-942C-02829050DD99}.Debug|Any CPU.ActiveCfg = Debug|Any CPU
		{DCDE807C-2516-47E9-942C-02829050DD99}.Debug|Any CPU.Build.0 = Debug|Any CPU
		{DCDE807C-2516-47E9-942C-02829050DD99}.Release|Any CPU.ActiveCfg = Release|Any CPU
		{DCDE807C-2516-47E9-942C-02829050DD99}.Release|Any CPU.Build.0 = Release|Any CPU
		{9C88A916-6569-47A5-BF04-71D154E57E87}.Debug|Any CPU.ActiveCfg = Debug|Any CPU
		{9C88A916-6569-47A5-BF04-71D154E57E87}.Debug|Any CPU.Build.0 = Debug|Any CPU
		{9C88A916-6569-47A5-BF04-71D154E57E87}.Release|Any CPU.ActiveCfg = Release|Any CPU
		{9C88A916-6569-47A5-BF04-71D154E57E87}.Release|Any CPU.Build.0 = Release|Any CPU
	EndGlobalSection
	GlobalSection(SolutionProperties) = preSolution
		HideSolutionNode = FALSE
	EndGlobalSection
	GlobalSection(ExtensibilityGlobals) = postSolution
		SolutionGuid = {EAE2D5FE-3A18-4BDC-B11B-9E6F266457D1}
	EndGlobalSection
EndGlobal
